
Microsoft Visual Studio Solution File, Format Version 12.00
# Visual Studio Version 17
VisualStudioVersion = 17.8.34525.116
MinimumVisualStudioVersion = 10.0.40219.1
Project("{FAE04EC0-301F-11D3-BF4B-00C04F79EFBC}") = "TestesADA", "TestesADA\TestesADA.csproj", "{0B0ABD83-540A-4781-A9B7-E83A47B0968C}"
EndProject
Project("{FAE04EC0-301F-11D3-BF4B-00C04F79EFBC}") = "ADATests", "ADATests\ADATests.csproj", "{06F1635A-2646-4008-8C51-5F5FD5629CE5}"
EndProject
Global
	GlobalSection(SolutionConfigurationPlatforms) = preSolution
		Debug|Any CPU = Debug|Any CPU
		Release|Any CPU = Release|Any CPU
	EndGlobalSection
	GlobalSection(ProjectConfigurationPlatforms) = postSolution
		{0B0ABD83-540A-4781-A9B7-E83A47B0968C}.Debug|Any CPU.ActiveCfg = Debug|Any CPU
		{0B0ABD83-540A-4781-A9B7-E83A47B0968C}.Debug|Any CPU.Build.0 = Debug|Any CPU
		{0B0ABD83-540A-4781-A9B7-E83A47B0968C}.Release|Any CPU.ActiveCfg = Release|Any CPU
		{0B0ABD83-540A-4781-A9B7-E83A47B0968C}.Release|Any CPU.Build.0 = Release|Any CPU
		{06F1635A-2646-4008-8C51-5F5FD5629CE5}.Debug|Any CPU.ActiveCfg = Debug|Any CPU
		{06F1635A-2646-4008-8C51-5F5FD5629CE5}.Debug|Any CPU.Build.0 = Debug|Any CPU
		{06F1635A-2646-4008-8C51-5F5FD5629CE5}.Release|Any CPU.ActiveCfg = Release|Any CPU
		{06F1635A-2646-4008-8C51-5F5FD5629CE5}.Release|Any CPU.Build.0 = Release|Any CPU
	EndGlobalSection
	GlobalSection(SolutionProperties) = preSolution
		HideSolutionNode = FALSE
	EndGlobalSection
	GlobalSection(ExtensibilityGlobals) = postSolution
		SolutionGuid = {80C6C579-C0EF-4922-BBBE-66EF66DC41C0}
	EndGlobalSection
EndGlobal
